{
  "name": "aurelia-by-examples",
  "version": "1.0.0",
  "lockfileVersion": 2,
  "requires": true,
  "packages": {
    "": {
      "version": "1.0.0",
      "license": "ISC",
      "dependencies": {
        "@aurelia/kernel": "^2.0.0-alpha.18",
        "@aurelia/metadata": "^2.0.0-alpha.18",
        "@aurelia/platform": "^2.0.0-alpha.18",
        "@aurelia/platform-browser": "^2.0.0-alpha.18",
        "@aurelia/runtime": "^2.0.0-alpha.18",
        "@aurelia/runtime-html": "^2.0.0-alpha.18"
      },
      "devDependencies": {
        "@types/codemirror": "^5.60.0",
        "@types/node": "^16.7.1",
        "tslib": "^2.2.0",
        "typescript": "^4.2.4"
      }
    },
    "node_modules/@aurelia/kernel": {
      "version": "2.0.0-alpha.18",
      "resolved": "https://registry.npmjs.org/@aurelia/kernel/-/kernel-2.0.0-alpha.18.tgz",
      "integrity": "sha512-RnLvI1TMjk70riLtioj3/jc9oXEPTkJbGYX6R78j2kd/wsbB5Oh4UvuYhvGhpr1Dhy4MowTZ1p4yUvqTiBjc8w==",
      "dependencies": {
        "@aurelia/metadata": "2.0.0-alpha.18",
        "@aurelia/platform": "2.0.0-alpha.18"
      },
      "engines": {
        "node": ">=14.17.0"
      }
    },
    "node_modules/@aurelia/metadata": {
      "version": "2.0.0-alpha.18",
      "resolved": "https://registry.npmjs.org/@aurelia/metadata/-/metadata-2.0.0-alpha.18.tgz",
      "integrity": "sha512-Vh7m5IczquynHujKV2/9flZj6wR7QVorkA8Kp0oOoFIszv7w6avpSTO0eHh0LMODa/ME8smKYgb1NY3Nju8ZGw==",
      "engines": {
        "node": ">=14.17.0"
      }
    },
    "node_modules/@aurelia/platform": {
      "version": "2.0.0-alpha.18",
      "resolved": "https://registry.npmjs.org/@aurelia/platform/-/platform-2.0.0-alpha.18.tgz",
      "integrity": "sha512-MbEDCXhI7zWlftlWXwipnWqwKG/DAuMOoUaO/KbpsfOIaBdAzrMJYXjnWALZwDkX3fLLcRDFCWl+uZ7SGBCN8Q==",
      "engines": {
        "node": ">=14.17.0"
      }
    },
    "node_modules/@aurelia/platform-browser": {
      "version": "2.0.0-alpha.18",
      "resolved": "https://registry.npmjs.org/@aurelia/platform-browser/-/platform-browser-2.0.0-alpha.18.tgz",
      "integrity": "sha512-0IpmqdBUWzv3pCFcvKtsVIMAVvFnRq4wDdbXbAVrR83rGGbxCa24k7BoVUlAqnIK3J8hZs5n8CFq17mG2zXHsw==",
      "dependencies": {
        "@aurelia/platform": "2.0.0-alpha.18"
      },
      "engines": {
        "node": ">=14.17.0"
      }
    },
    "node_modules/@aurelia/runtime": {
      "version": "2.0.0-alpha.18",
      "resolved": "https://registry.npmjs.org/@aurelia/runtime/-/runtime-2.0.0-alpha.18.tgz",
      "integrity": "sha512-IlIvY3t2j2aMn1pFJstiItZ7pb9P3J6Q93qNu/jt1r8WHLkG/IQ/3zQJimqn7r5EXIQOc07yLkuAgCWzA8LbmA==",
      "dependencies": {
        "@aurelia/kernel": "2.0.0-alpha.18",
        "@aurelia/metadata": "2.0.0-alpha.18",
        "@aurelia/platform": "2.0.0-alpha.18"
      },
      "engines": {
        "node": ">=14.17.0"
      }
    },
    "node_modules/@aurelia/runtime-html": {
      "version": "2.0.0-alpha.18",
      "resolved": "https://registry.npmjs.org/@aurelia/runtime-html/-/runtime-html-2.0.0-alpha.18.tgz",
      "integrity": "sha512-EbE1aeKwfS+dlF8MlKyfsfigk6tvYgN2W2gwX+fZnuz/4eoL0wrIGMq2hVL8sF/4QRCtxalS3GgAnb959tzzpw==",
      "dependencies": {
        "@aurelia/kernel": "2.0.0-alpha.18",
        "@aurelia/metadata": "2.0.0-alpha.18",
        "@aurelia/platform": "2.0.0-alpha.18",
        "@aurelia/platform-browser": "2.0.0-alpha.18",
        "@aurelia/runtime": "2.0.0-alpha.18"
      },
      "engines": {
        "node": ">=14.17.0"
      }
    },
    "node_modules/@types/codemirror": {
      "version": "5.60.0",
      "resolved": "https://registry.npmjs.org/@types/codemirror/-/codemirror-5.60.0.tgz",
      "integrity": "sha512-xgzXZyCzedLRNC67/Nn8rpBtTFnAsX2C+Q/LGoH6zgcpF/LqdNHJMHEOhqT1bwUcSp6kQdOIuKzRbeW9DYhEhg==",
      "dev": true,
      "dependencies": {
        "@types/tern": "*"
      }
    },
    "node_modules/@types/estree": {
      "version": "0.0.47",
      "resolved": "https://registry.npmjs.org/@types/estree/-/estree-0.0.47.tgz",
      "integrity": "sha512-c5ciR06jK8u9BstrmJyO97m+klJrrhCf9u3rLu3DEAJBirxRqSCvDQoYKmxuYwQI5SZChAWu+tq9oVlGRuzPAg==",
      "dev": true
    },
    "node_modules/@types/node": {
      "version": "16.7.1",
      "resolved": "https://registry.npmjs.org/@types/node/-/node-16.7.1.tgz",
      "integrity": "sha512-ncRdc45SoYJ2H4eWU9ReDfp3vtFqDYhjOsKlFFUDEn8V1Bgr2RjYal8YT5byfadWIRluhPFU6JiDOl0H6Sl87A==",
      "dev": true
    },
    "node_modules/@types/tern": {
      "version": "0.23.3",
      "resolved": "https://registry.npmjs.org/@types/tern/-/tern-0.23.3.tgz",
      "integrity": "sha512-imDtS4TAoTcXk0g7u4kkWqedB3E4qpjXzCpD2LU5M5NAXHzCDsypyvXSaG7mM8DKYkCRa7tFp4tS/lp/Wo7Q3w==",
      "dev": true,
      "dependencies": {
        "@types/estree": "*"
      }
    },
    "node_modules/tslib": {
      "version": "2.2.0",
      "resolved": "https://registry.npmjs.org/tslib/-/tslib-2.2.0.tgz",
      "integrity": "sha512-gS9GVHRU+RGn5KQM2rllAlR3dU6m7AcpJKdtH8gFvQiC4Otgk98XnmMU+nZenHt/+VhnBPWwgrJsyrdcw6i23w==",
      "dev": true
    },
    "node_modules/typescript": {
      "version": "4.2.4",
      "resolved": "https://registry.npmjs.org/typescript/-/typescript-4.2.4.tgz",
      "integrity": "sha512-V+evlYHZnQkaz8TRBuxTA92yZBPotr5H+WhQ7bD3hZUndx5tGOa1fuCgeSjxAzM1RiN5IzvadIXTVefuuwZCRg==",
      "dev": true,
      "bin": {
        "tsc": "bin/tsc",
        "tsserver": "bin/tsserver"
      },
      "engines": {
        "node": ">=4.2.0"
      }
    }
  },
  "dependencies": {
    "@aurelia/kernel": {
      "version": "2.0.0-alpha.18",
      "resolved": "https://registry.npmjs.org/@aurelia/kernel/-/kernel-2.0.0-alpha.18.tgz",
      "integrity": "sha512-RnLvI1TMjk70riLtioj3/jc9oXEPTkJbGYX6R78j2kd/wsbB5Oh4UvuYhvGhpr1Dhy4MowTZ1p4yUvqTiBjc8w==",
      "requires": {
        "@aurelia/metadata": "2.0.0-alpha.18",
        "@aurelia/platform": "2.0.0-alpha.18"
      }
    },
    "@aurelia/metadata": {
      "version": "2.0.0-alpha.18",
      "resolved": "https://registry.npmjs.org/@aurelia/metadata/-/metadata-2.0.0-alpha.18.tgz",
      "integrity": "sha512-Vh7m5IczquynHujKV2/9flZj6wR7QVorkA8Kp0oOoFIszv7w6avpSTO0eHh0LMODa/ME8smKYgb1NY3Nju8ZGw=="
    },
    "@aurelia/platform": {
      "version": "2.0.0-alpha.18",
      "resolved": "https://registry.npmjs.org/@aurelia/platform/-/platform-2.0.0-alpha.18.tgz",
      "integrity": "sha512-MbEDCXhI7zWlftlWXwipnWqwKG/DAuMOoUaO/KbpsfOIaBdAzrMJYXjnWALZwDkX3fLLcRDFCWl+uZ7SGBCN8Q=="
    },
    "@aurelia/platform-browser": {
      "version": "2.0.0-alpha.18",
      "resolved": "https://registry.npmjs.org/@aurelia/platform-browser/-/platform-browser-2.0.0-alpha.18.tgz",
      "integrity": "sha512-0IpmqdBUWzv3pCFcvKtsVIMAVvFnRq4wDdbXbAVrR83rGGbxCa24k7BoVUlAqnIK3J8hZs5n8CFq17mG2zXHsw==",
      "requires": {
        "@aurelia/platform": "2.0.0-alpha.18"
      }
    },
    "@aurelia/runtime": {
      "version": "2.0.0-alpha.18",
      "resolved": "https://registry.npmjs.org/@aurelia/runtime/-/runtime-2.0.0-alpha.18.tgz",
      "integrity": "sha512-IlIvY3t2j2aMn1pFJstiItZ7pb9P3J6Q93qNu/jt1r8WHLkG/IQ/3zQJimqn7r5EXIQOc07yLkuAgCWzA8LbmA==",
      "requires": {
        "@aurelia/kernel": "2.0.0-alpha.18",
        "@aurelia/metadata": "2.0.0-alpha.18",
        "@aurelia/platform": "2.0.0-alpha.18"
      }
    },
    "@aurelia/runtime-html": {
      "version": "2.0.0-alpha.18",
      "resolved": "https://registry.npmjs.org/@aurelia/runtime-html/-/runtime-html-2.0.0-alpha.18.tgz",
      "integrity": "sha512-EbE1aeKwfS+dlF8MlKyfsfigk6tvYgN2W2gwX+fZnuz/4eoL0wrIGMq2hVL8sF/4QRCtxalS3GgAnb959tzzpw==",
      "requires": {
        "@aurelia/kernel": "2.0.0-alpha.18",
        "@aurelia/metadata": "2.0.0-alpha.18",
        "@aurelia/platform": "2.0.0-alpha.18",
        "@aurelia/platform-browser": "2.0.0-alpha.18",
        "@aurelia/runtime": "2.0.0-alpha.18"
      }
    },
    "@types/codemirror": {
      "version": "5.60.0",
      "resolved": "https://registry.npmjs.org/@types/codemirror/-/codemirror-5.60.0.tgz",
      "integrity": "sha512-xgzXZyCzedLRNC67/Nn8rpBtTFnAsX2C+Q/LGoH6zgcpF/LqdNHJMHEOhqT1bwUcSp6kQdOIuKzRbeW9DYhEhg==",
      "dev": true,
      "requires": {
        "@types/tern": "*"
      }
    },
    "@types/estree": {
      "version": "0.0.47",
      "resolved": "https://registry.npmjs.org/@types/estree/-/estree-0.0.47.tgz",
      "integrity": "sha512-c5ciR06jK8u9BstrmJyO97m+klJrrhCf9u3rLu3DEAJBirxRqSCvDQoYKmxuYwQI5SZChAWu+tq9oVlGRuzPAg==",
      "dev": true
    },
    "@types/node": {
      "version": "16.7.1",
      "resolved": "https://registry.npmjs.org/@types/node/-/node-16.7.1.tgz",
      "integrity": "sha512-ncRdc45SoYJ2H4eWU9ReDfp3vtFqDYhjOsKlFFUDEn8V1Bgr2RjYal8YT5byfadWIRluhPFU6JiDOl0H6Sl87A==",
      "dev": true
    },
    "@types/tern": {
      "version": "0.23.3",
      "resolved": "https://registry.npmjs.org/@types/tern/-/tern-0.23.3.tgz",
      "integrity": "sha512-imDtS4TAoTcXk0g7u4kkWqedB3E4qpjXzCpD2LU5M5NAXHzCDsypyvXSaG7mM8DKYkCRa7tFp4tS/lp/Wo7Q3w==",
      "dev": true,
      "requires": {
        "@types/estree": "*"
      }
    },
    "tslib": {
      "version": "2.2.0",
      "resolved": "https://registry.npmjs.org/tslib/-/tslib-2.2.0.tgz",
      "integrity": "sha512-gS9GVHRU+RGn5KQM2rllAlR3dU6m7AcpJKdtH8gFvQiC4Otgk98XnmMU+nZenHt/+VhnBPWwgrJsyrdcw6i23w==",
      "dev": true
    },
    "typescript": {
      "version": "4.2.4",
      "resolved": "https://registry.npmjs.org/typescript/-/typescript-4.2.4.tgz",
      "integrity": "sha512-V+evlYHZnQkaz8TRBuxTA92yZBPotr5H+WhQ7bD3hZUndx5tGOa1fuCgeSjxAzM1RiN5IzvadIXTVefuuwZCRg==",
      "dev": true
    }
  }
}
